{
  "name": "npm-ws",
  "version": "1.0.0",
  "lockfileVersion": 2,
  "requires": true,
  "packages": {
    "": {
      "name": "npm-ws",
      "version": "1.0.0",
      "license": "ISC",
      "workspaces": [
        "packages/wrapper-moment"
      ],
      "dependencies": {
        "wrapper-moment": "^1.0.0"
      }
    },
    "node_modules/wrapper-moment": {
      "resolved": "packages/wrapper-moment",
      "link": true
    },
    "packages/wrapper-moment": {
      "version": "1.0.0",
      "license": "ISC",
      "dependencies": {
        "moment": "^2.29.4"
      }
    },
    "packages/wrapper-moment/node_modules/moment": {
      "version": "2.29.4",
      "resolved": "https://registry.npmjs.org/moment/-/moment-2.29.4.tgz",
      "integrity": "sha512-5LC9SOxjSc2HF6vO2CyuTDNivEdoz2IvyJJGj6X8DJ0eFyfszE0QiEd+iXmBvUP3WHxSjFH/vIsA0EN00cgr8w==",
      "engines": {
        "node": "*"
      }
    }
  },
  "dependencies": {
    "wrapper-moment": {
      "version": "file:packages/wrapper-moment",
      "requires": {
        "moment": "^2.29.4"
      },
      "dependencies": {
        "moment": {
          "version": "2.29.4",
          "resolved": "https://registry.npmjs.org/moment/-/moment-2.29.4.tgz",
          "integrity": "sha512-5LC9SOxjSc2HF6vO2CyuTDNivEdoz2IvyJJGj6X8DJ0eFyfszE0QiEd+iXmBvUP3WHxSjFH/vIsA0EN00cgr8w=="
        }
      }
    }
  }
}
